
Microsoft Visual Studio Solution File, Format Version 12.00
# Visual Studio 15
VisualStudioVersion = 15.0.26124.0
MinimumVisualStudioVersion = 15.0.26124.0
Project("{FAE04EC0-301F-11D3-BF4B-00C04F79EFBC}") = "PokerLeaderboard.WebAPI", "PokerLeaderboard.WebAPI\PokerLeaderboard.WebAPI.csproj", "{82D8AA3D-8B08-4685-B306-39C863528BC9}"
EndProject
Project("{FAE04EC0-301F-11D3-BF4B-00C04F79EFBC}") = "PokerLeaderboard.BusinessLogic", "PokerLeaderboard.BusinessLogic\PokerLeaderboard.BusinessLogic.csproj", "{30D5A96D-4CF1-4040-9E5D-401AA77ED7A9}"
EndProject
Project("{FAE04EC0-301F-11D3-BF4B-00C04F79EFBC}") = "PokerLeaderboard.Tests", "PokerLeaderboard.Tests\PokerLeaderboard.Tests.csproj", "{995D0193-CB8B-468E-9BC6-DA18E6F32747}"
EndProject
Project("{FAE04EC0-301F-11D3-BF4B-00C04F79EFBC}") = "PokerLeaderboard.Infrastructure", "PokerLeaderboard.Infrastructure\PokerLeaderboard.Infrastructure.csproj", "{8082577A-C94B-4FD4-9F19-E74046036C83}"
EndProject
Global
	GlobalSection(SolutionConfigurationPlatforms) = preSolution
		Debug|Any CPU = Debug|Any CPU
		Debug|x64 = Debug|x64
		Debug|x86 = Debug|x86
		Release|Any CPU = Release|Any CPU
		Release|x64 = Release|x64
		Release|x86 = Release|x86
	EndGlobalSection
	GlobalSection(SolutionProperties) = preSolution
		HideSolutionNode = FALSE
	EndGlobalSection
	GlobalSection(ProjectConfigurationPlatforms) = postSolution
		{82D8AA3D-8B08-4685-B306-39C863528BC9}.Debug|Any CPU.ActiveCfg = Debug|Any CPU
		{82D8AA3D-8B08-4685-B306-39C863528BC9}.Debug|Any CPU.Build.0 = Debug|Any CPU
		{82D8AA3D-8B08-4685-B306-39C863528BC9}.Debug|x64.ActiveCfg = Debug|Any CPU
		{82D8AA3D-8B08-4685-B306-39C863528BC9}.Debug|x64.Build.0 = Debug|Any CPU
		{82D8AA3D-8B08-4685-B306-39C863528BC9}.Debug|x86.ActiveCfg = Debug|Any CPU
		{82D8AA3D-8B08-4685-B306-39C863528BC9}.Debug|x86.Build.0 = Debug|Any CPU
		{82D8AA3D-8B08-4685-B306-39C863528BC9}.Release|Any CPU.ActiveCfg = Release|Any CPU
		{82D8AA3D-8B08-4685-B306-39C863528BC9}.Release|Any CPU.Build.0 = Release|Any CPU
		{82D8AA3D-8B08-4685-B306-39C863528BC9}.Release|x64.ActiveCfg = Release|Any CPU
		{82D8AA3D-8B08-4685-B306-39C863528BC9}.Release|x64.Build.0 = Release|Any CPU
		{82D8AA3D-8B08-4685-B306-39C863528BC9}.Release|x86.ActiveCfg = Release|Any CPU
		{82D8AA3D-8B08-4685-B306-39C863528BC9}.Release|x86.Build.0 = Release|Any CPU
		{30D5A96D-4CF1-4040-9E5D-401AA77ED7A9}.Debug|Any CPU.ActiveCfg = Debug|Any CPU
		{30D5A96D-4CF1-4040-9E5D-401AA77ED7A9}.Debug|Any CPU.Build.0 = Debug|Any CPU
		{30D5A96D-4CF1-4040-9E5D-401AA77ED7A9}.Debug|x64.ActiveCfg = Debug|Any CPU
		{30D5A96D-4CF1-4040-9E5D-401AA77ED7A9}.Debug|x64.Build.0 = Debug|Any CPU
		{30D5A96D-4CF1-4040-9E5D-401AA77ED7A9}.Debug|x86.ActiveCfg = Debug|Any CPU
		{30D5A96D-4CF1-4040-9E5D-401AA77ED7A9}.Debug|x86.Build.0 = Debug|Any CPU
		{30D5A96D-4CF1-4040-9E5D-401AA77ED7A9}.Release|Any CPU.ActiveCfg = Release|Any CPU
		{30D5A96D-4CF1-4040-9E5D-401AA77ED7A9}.Release|Any CPU.Build.0 = Release|Any CPU
		{30D5A96D-4CF1-4040-9E5D-401AA77ED7A9}.Release|x64.ActiveCfg = Release|Any CPU
		{30D5A96D-4CF1-4040-9E5D-401AA77ED7A9}.Release|x64.Build.0 = Release|Any CPU
		{30D5A96D-4CF1-4040-9E5D-401AA77ED7A9}.Release|x86.ActiveCfg = Release|Any CPU
		{30D5A96D-4CF1-4040-9E5D-401AA77ED7A9}.Release|x86.Build.0 = Release|Any CPU
		{995D0193-CB8B-468E-9BC6-DA18E6F32747}.Debug|Any CPU.ActiveCfg = Debug|Any CPU
		{995D0193-CB8B-468E-9BC6-DA18E6F32747}.Debug|Any CPU.Build.0 = Debug|Any CPU
		{995D0193-CB8B-468E-9BC6-DA18E6F32747}.Debug|x64.ActiveCfg = Debug|Any CPU
		{995D0193-CB8B-468E-9BC6-DA18E6F32747}.Debug|x64.Build.0 = Debug|Any CPU
		{995D0193-CB8B-468E-9BC6-DA18E6F32747}.Debug|x86.ActiveCfg = Debug|Any CPU
		{995D0193-CB8B-468E-9BC6-DA18E6F32747}.Debug|x86.Build.0 = Debug|Any CPU
		{995D0193-CB8B-468E-9BC6-DA18E6F32747}.Release|Any CPU.ActiveCfg = Release|Any CPU
		{995D0193-CB8B-468E-9BC6-DA18E6F32747}.Release|Any CPU.Build.0 = Release|Any CPU
		{995D0193-CB8B-468E-9BC6-DA18E6F32747}.Release|x64.ActiveCfg = Release|Any CPU
		{995D0193-CB8B-468E-9BC6-DA18E6F32747}.Release|x64.Build.0 = Release|Any CPU
		{995D0193-CB8B-468E-9BC6-DA18E6F32747}.Release|x86.ActiveCfg = Release|Any CPU
		{995D0193-CB8B-468E-9BC6-DA18E6F32747}.Release|x86.Build.0 = Release|Any CPU
		{8082577A-C94B-4FD4-9F19-E74046036C83}.Debug|Any CPU.ActiveCfg = Debug|Any CPU
		{8082577A-C94B-4FD4-9F19-E74046036C83}.Debug|Any CPU.Build.0 = Debug|Any CPU
		{8082577A-C94B-4FD4-9F19-E74046036C83}.Debug|x64.ActiveCfg = Debug|Any CPU
		{8082577A-C94B-4FD4-9F19-E74046036C83}.Debug|x64.Build.0 = Debug|Any CPU
		{8082577A-C94B-4FD4-9F19-E74046036C83}.Debug|x86.ActiveCfg = Debug|Any CPU
		{8082577A-C94B-4FD4-9F19-E74046036C83}.Debug|x86.Build.0 = Debug|Any CPU
		{8082577A-C94B-4FD4-9F19-E74046036C83}.Release|Any CPU.ActiveCfg = Release|Any CPU
		{8082577A-C94B-4FD4-9F19-E74046036C83}.Release|Any CPU.Build.0 = Release|Any CPU
		{8082577A-C94B-4FD4-9F19-E74046036C83}.Release|x64.ActiveCfg = Release|Any CPU
		{8082577A-C94B-4FD4-9F19-E74046036C83}.Release|x64.Build.0 = Release|Any CPU
		{8082577A-C94B-4FD4-9F19-E74046036C83}.Release|x86.ActiveCfg = Release|Any CPU
		{8082577A-C94B-4FD4-9F19-E74046036C83}.Release|x86.Build.0 = Release|Any CPU
	EndGlobalSection
EndGlobal
